
Microsoft Visual Studio Solution File, Format Version 12.00
# Visual Studio Version 17
VisualStudioVersion = 17.11.35303.130
MinimumVisualStudioVersion = 10.0.40219.1
Project("{FAE04EC0-301F-11D3-BF4B-00C04F79EFBC}") = "FINAL_PROJECT_GRAPH_THEORY", "FINAL_PROJECT_GRAPH_THEORY.csproj", "{47132181-B644-4A89-B9B9-6C332BB25C50}"
EndProject
Global
	GlobalSection(SolutionConfigurationPlatforms) = preSolution
		Debug|Any CPU = Debug|Any CPU
		Release|Any CPU = Release|Any CPU
	EndGlobalSection
	GlobalSection(ProjectConfigurationPlatforms) = postSolution
		{47132181-B644-4A89-B9B9-6C332BB25C50}.Debug|Any CPU.ActiveCfg = Debug|Any CPU
		{47132181-B644-4A89-B9B9-6C332BB25C50}.Debug|Any CPU.Build.0 = Debug|Any CPU
		{47132181-B644-4A89-B9B9-6C332BB25C50}.Release|Any CPU.ActiveCfg = Release|Any CPU
		{47132181-B644-4A89-B9B9-6C332BB25C50}.Release|Any CPU.Build.0 = Release|Any CPU
	EndGlobalSection
	GlobalSection(SolutionProperties) = preSolution
		HideSolutionNode = FALSE
	EndGlobalSection
	GlobalSection(ExtensibilityGlobals) = postSolution
		SolutionGuid = {72E83D0E-9FFF-4E24-9F01-FE445D042EFD}
	EndGlobalSection
EndGlobal
